{
  "version": 4,
  "terraform_version": "1.0.7",
  "serial": 52,
  "lineage": "fb685e1e-532c-3e28-af35-54e08e1469af",
  "outputs": {
    "app_external_ip": {
      "value": [
        [
          "34.78.59.190"
        ]
      ],
      "type": [
        "tuple",
        [
          [
            "tuple",
            [
              "string"
            ]
          ]
        ]
      ]
    }
  },
  "resources": [
    {
      "mode": "managed",
      "type": "google_compute_address",
      "name": "app_ip",
      "provider": "provider[\"registry.terraform.io/hashicorp/google\"]",
      "instances": [
        {
          "schema_version": 0,
          "attributes": {
            "address": "34.78.59.190",
            "address_type": "EXTERNAL",
            "creation_timestamp": "2021-10-13T08:07:54.586-07:00",
            "description": "",
            "id": "projects/docker-326406/regions/europe-west1/addresses/reddit-app-ip",
            "name": "reddit-app-ip",
            "network_tier": "PREMIUM",
            "project": "docker-326406",
            "purpose": "",
            "region": "europe-west1",
            "self_link": "https://www.googleapis.com/compute/v1/projects/docker-326406/regions/europe-west1/addresses/reddit-app-ip",
            "subnetwork": "",
            "timeouts": null,
            "users": []
          },
          "sensitive_attributes": [],
          "private": "eyJlMmJmYjczMC1lY2FhLTExZTYtOGY4OC0zNDM2M2JjN2M0YzAiOnsiY3JlYXRlIjoyNDAwMDAwMDAwMDAsImRlbGV0ZSI6MjQwMDAwMDAwMDAwfX0="
        }
      ]
    },
    {
      "mode": "managed",
      "type": "google_compute_firewall",
      "name": "firewall_puma",
      "provider": "provider[\"registry.terraform.io/hashicorp/google\"]",
      "instances": [
        {
          "schema_version": 1,
          "attributes": {
            "allow": [
              {
                "ports": [
                  "9292",
                  "80"
                ],
                "protocol": "tcp"
              }
            ],
            "creation_timestamp": "2021-10-13T08:07:54.540-07:00",
            "deny": [],
            "description": "",
            "destination_ranges": [],
            "direction": "INGRESS",
            "disabled": false,
            "enable_logging": null,
            "id": "projects/docker-326406/global/firewalls/allow-puma-default",
            "log_config": [],
            "name": "allow-puma-default",
            "network": "https://www.googleapis.com/compute/v1/projects/docker-326406/global/networks/default",
            "priority": 1000,
            "project": "docker-326406",
            "self_link": "https://www.googleapis.com/compute/v1/projects/docker-326406/global/firewalls/allow-puma-default",
            "source_ranges": [
              "0.0.0.0/0"
            ],
            "source_service_accounts": null,
            "source_tags": null,
            "target_service_accounts": null,
            "target_tags": [
              "reddit-app"
            ],
            "timeouts": null
          },
          "sensitive_attributes": [],
          "private": "eyJlMmJmYjczMC1lY2FhLTExZTYtOGY4OC0zNDM2M2JjN2M0YzAiOnsiY3JlYXRlIjoyNDAwMDAwMDAwMDAsImRlbGV0ZSI6MjQwMDAwMDAwMDAwLCJ1cGRhdGUiOjI0MDAwMDAwMDAwMH0sInNjaGVtYV92ZXJzaW9uIjoiMSJ9"
        }
      ]
    },
    {
      "mode": "managed",
      "type": "google_compute_instance",
      "name": "app",
      "provider": "provider[\"registry.terraform.io/hashicorp/google\"]",
      "instances": [
        {
          "index_key": 0,
          "schema_version": 6,
          "attributes": {
            "allow_stopping_for_update": null,
            "attached_disk": [],
            "boot_disk": [
              {
                "auto_delete": true,
                "device_name": "persistent-disk-0",
                "disk_encryption_key_raw": "",
                "disk_encryption_key_sha256": "",
                "initialize_params": [
                  {
                    "image": "https://www.googleapis.com/compute/v1/projects/docker-326406/global/images/docker-base-1634144605",
                    "labels": {},
                    "size": 20,
                    "type": "pd-standard"
                  }
                ],
                "kms_key_self_link": "",
                "mode": "READ_WRITE",
                "source": "https://www.googleapis.com/compute/v1/projects/docker-326406/zones/europe-west1-b/disks/docker-host0"
              }
            ],
            "can_ip_forward": false,
            "confidential_instance_config": [],
            "cpu_platform": "Intel Haswell",
            "current_status": "RUNNING",
            "deletion_protection": false,
            "description": "",
            "desired_status": null,
            "enable_display": false,
            "guest_accelerator": [],
            "hostname": "",
            "id": "projects/docker-326406/zones/europe-west1-b/instances/docker-host0",
            "instance_id": "3603148655966243000",
            "label_fingerprint": "42WmSpB8rSM=",
            "labels": null,
            "machine_type": "g1-small",
            "metadata": {
              "ssh-keys": "ArkadyZimich:ssh-rsa AAAAB3NzaC1yc2EAAAADAQABAAABAQDLwOf47dK/QYiRi5LNxJio/IuOUQwr4zaks34Ouo6/nWhdMsVyUcUvD9zYVrmKDuqhe1FVlUVqFpXOZiS9WclQ1FQeMGFl12u4fVLy5qaMm7V88kvjt102SFwReKxI9j5Qfmt3V8rdTDnm2wboS8x137cGYT3eRZF24RTWvUW3SkdMUDa1zkrnf8Q1mASnevU4Nm+1MqGl+zNlw69mOQX3FQWpBJ/6tCa6fbw8Do3YFzoOOWdYCpX/y+iE6wnVRrFOnAeTDOwLqthezlc8oujxLYOG9mnLhSCzrtiRy0p7awt0oXOQPYE8KiYjw5UlNXbkpU+3BvkukIfi6nJODahP ArkadyZimich\n"
            },
            "metadata_fingerprint": "_V0nQ4L8x3M=",
            "metadata_startup_script": "",
            "min_cpu_platform": "",
            "name": "docker-host0",
            "network_interface": [
              {
                "access_config": [
                  {
                    "nat_ip": "34.78.59.190",
                    "network_tier": "PREMIUM",
                    "public_ptr_domain_name": ""
                  }
                ],
                "alias_ip_range": [],
                "name": "nic0",
                "network": "https://www.googleapis.com/compute/v1/projects/docker-326406/global/networks/default",
                "network_ip": "10.132.0.15",
                "nic_type": "",
                "subnetwork": "https://www.googleapis.com/compute/v1/projects/docker-326406/regions/europe-west1/subnetworks/default",
                "subnetwork_project": "docker-326406"
              }
            ],
            "project": "docker-326406",
            "resource_policies": null,
            "scheduling": [
              {
                "automatic_restart": true,
                "node_affinities": [],
                "on_host_maintenance": "MIGRATE",
                "preemptible": false
              }
            ],
            "scratch_disk": [],
            "self_link": "https://www.googleapis.com/compute/v1/projects/docker-326406/zones/europe-west1-b/instances/docker-host0",
            "service_account": [],
            "shielded_instance_config": [
              {
                "enable_integrity_monitoring": true,
                "enable_secure_boot": false,
                "enable_vtpm": true
              }
            ],
            "tags": [
              "reddit-app"
            ],
            "tags_fingerprint": "M-ggixIz-AU=",
            "timeouts": null,
            "zone": "europe-west1-b"
          },
          "sensitive_attributes": [],
          "private": "eyJlMmJmYjczMC1lY2FhLTExZTYtOGY4OC0zNDM2M2JjN2M0YzAiOnsiY3JlYXRlIjoxMjAwMDAwMDAwMDAwLCJkZWxldGUiOjEyMDAwMDAwMDAwMDAsInVwZGF0ZSI6MTIwMDAwMDAwMDAwMH0sInNjaGVtYV92ZXJzaW9uIjoiNiJ9",
          "dependencies": [
            "google_compute_address.app_ip"
          ]
        }
      ]
    }
  ]
}
